
Microsoft Visual Studio Solution File, Format Version 12.00
# Visual Studio Version 17
VisualStudioVersion = 17.9.34728.123
MinimumVisualStudioVersion = 10.0.40219.1
Project("{FAE04EC0-301F-11D3-BF4B-00C04F79EFBC}") = "Inventory Management System", "Inventory Management System\Inventory Management System.csproj", "{6AC5E8DD-0B17-49CA-B23D-286BEABFB058}"
EndProject
Project("{FAE04EC0-301F-11D3-BF4B-00C04F79EFBC}") = "Inventory Management System.Application", "Inventory Management System.Application\Inventory Management System.Application.csproj", "{F830A103-0608-478C-A334-E61384F4DDF1}"
EndProject
Project("{FAE04EC0-301F-11D3-BF4B-00C04F79EFBC}") = "Inventory Management System.Domain", "Inventory Management System.Domain\Inventory Management System.Domain.csproj", "{ED08694C-4092-4BB9-B8C4-9DCED28C3451}"
EndProject
Project("{FAE04EC0-301F-11D3-BF4B-00C04F79EFBC}") = "Inventory Management System.Infrastructure", "Inventory Management System.Infrastructure\Inventory Management System.Infrastructure.csproj", "{872EE6F2-B802-4288-A2EA-6C68D519CCF0}"
EndProject
Project("{FAE04EC0-301F-11D3-BF4B-00C04F79EFBC}") = "Inventory Management System.Shared", "Inventory Management System.Shared\Inventory Management System.Shared.csproj", "{BDDC9E78-4203-4024-9476-64A067009267}"
EndProject
Global
	GlobalSection(SolutionConfigurationPlatforms) = preSolution
		Debug|Any CPU = Debug|Any CPU
		Release|Any CPU = Release|Any CPU
	EndGlobalSection
	GlobalSection(ProjectConfigurationPlatforms) = postSolution
		{6AC5E8DD-0B17-49CA-B23D-286BEABFB058}.Debug|Any CPU.ActiveCfg = Debug|Any CPU
		{6AC5E8DD-0B17-49CA-B23D-286BEABFB058}.Debug|Any CPU.Build.0 = Debug|Any CPU
		{6AC5E8DD-0B17-49CA-B23D-286BEABFB058}.Release|Any CPU.ActiveCfg = Release|Any CPU
		{6AC5E8DD-0B17-49CA-B23D-286BEABFB058}.Release|Any CPU.Build.0 = Release|Any CPU
		{F830A103-0608-478C-A334-E61384F4DDF1}.Debug|Any CPU.ActiveCfg = Debug|Any CPU
		{F830A103-0608-478C-A334-E61384F4DDF1}.Debug|Any CPU.Build.0 = Debug|Any CPU
		{F830A103-0608-478C-A334-E61384F4DDF1}.Release|Any CPU.ActiveCfg = Release|Any CPU
		{F830A103-0608-478C-A334-E61384F4DDF1}.Release|Any CPU.Build.0 = Release|Any CPU
		{ED08694C-4092-4BB9-B8C4-9DCED28C3451}.Debug|Any CPU.ActiveCfg = Debug|Any CPU
		{ED08694C-4092-4BB9-B8C4-9DCED28C3451}.Debug|Any CPU.Build.0 = Debug|Any CPU
		{ED08694C-4092-4BB9-B8C4-9DCED28C3451}.Release|Any CPU.ActiveCfg = Release|Any CPU
		{ED08694C-4092-4BB9-B8C4-9DCED28C3451}.Release|Any CPU.Build.0 = Release|Any CPU
		{872EE6F2-B802-4288-A2EA-6C68D519CCF0}.Debug|Any CPU.ActiveCfg = Debug|Any CPU
		{872EE6F2-B802-4288-A2EA-6C68D519CCF0}.Debug|Any CPU.Build.0 = Debug|Any CPU
		{872EE6F2-B802-4288-A2EA-6C68D519CCF0}.Release|Any CPU.ActiveCfg = Release|Any CPU
		{872EE6F2-B802-4288-A2EA-6C68D519CCF0}.Release|Any CPU.Build.0 = Release|Any CPU
		{BDDC9E78-4203-4024-9476-64A067009267}.Debug|Any CPU.ActiveCfg = Debug|Any CPU
		{BDDC9E78-4203-4024-9476-64A067009267}.Debug|Any CPU.Build.0 = Debug|Any CPU
		{BDDC9E78-4203-4024-9476-64A067009267}.Release|Any CPU.ActiveCfg = Release|Any CPU
		{BDDC9E78-4203-4024-9476-64A067009267}.Release|Any CPU.Build.0 = Release|Any CPU
	EndGlobalSection
	GlobalSection(SolutionProperties) = preSolution
		HideSolutionNode = FALSE
	EndGlobalSection
	GlobalSection(ExtensibilityGlobals) = postSolution
		SolutionGuid = {50A568F1-B087-4A9A-B9A8-87ACA9EDF9CC}
	EndGlobalSection
EndGlobal
